lockfileVersion: '9.0'

settings:
  autoInstallPeers: true
  excludeLinksFromLockfile: false

importers:

  .:
    dependencies:
      openai:
        specifier: ^6.35.0
        version: 6.46.0

packages:

  openai@6.46.0:
    resolution: {integrity: sha512-DFg6jEPT2RO+oAyXtddeUJU8zkGy1OQ1AjGzNIJUMQG03TTqvCpy9tBpQ+2VVVnvrl3E56F8GEin2JYtWpITtA==}
    peerDependencies:
      '@aws-sdk/credential-provider-node': '>=3.972.0 <4'
      '@smithy/hash-node': '>=4.3.0 <5'
      '@smithy/signature-v4': '>=5.4.0 <6'
      ws: ^8.18.0
      zod: ^3.25 || ^4.0
    peerDependenciesMeta:
      '@aws-sdk/credential-provider-node':
        optional: true
      '@smithy/hash-node':
        optional: true
      '@smithy/signature-v4':
        optional: true
      ws:
        optional: true
      zod:
        optional: true

snapshots:

  openai@6.46.0: {}
